<?xml version="1.0" encoding="UTF-8"?>
<!DOCTYPE plist PUBLIC "-//Apple//DTD PLIST 1.0//EN" "http://www.apple.com/DTDs/PropertyList-1.0.dtd">
<plist version="1.0">
<dict>
	<key>archiveVersion</key>
	<string>1</string>
	<key>classes</key>
	<dict/>
	<key>objectVersion</key>
	<string>46</string>
	<key>objects</key>
	<dict>
		<key>0EA420712A994F8C92C266F0</key>
		<dict>
			<key>buildActionMask</key>
			<string>2147483647</string>
			<key>files</key>
			<array/>
			<key>inputPaths</key>
			<array/>
			<key>isa</key>
			<string>PBXShellScriptBuildPhase</string>
			<key>name</key>
			<string>Copy Pods Resources</string>
			<key>outputPaths</key>
			<array/>
			<key>runOnlyForDeploymentPostprocessing</key>
			<string>0</string>
			<key>shellPath</key>
			<string>/bin/sh</string>
			<key>shellScript</key>
			<string>"${SRCROOT}/Pods/Pods-resources.sh"
</string>
			<key>showEnvVarsInLog</key>
			<string>0</string>
		</dict>
		<key>1863634AFC374885859B6AEC</key>
		<dict>
			<key>fileRef</key>
			<string>D50901DE540F4526A9F28EFC</string>
			<key>isa</key>
			<string>PBXBuildFile</string>
		</dict>
		<key>197801AE6772440283CBDA12</key>
		<dict>
			<key>buildActionMask</key>
			<string>2147483647</string>
			<key>files</key>
			<array/>
			<key>inputPaths</key>
			<array/>
			<key>isa</key>
			<string>PBXShellScriptBuildPhase</string>
			<key>name</key>
			<string>Check Pods Manifest.lock</string>
			<key>outputPaths</key>
			<array/>
			<key>runOnlyForDeploymentPostprocessing</key>
			<string>0</string>
			<key>shellPath</key>
			<string>/bin/sh</string>
			<key>shellScript</key>
			<string>diff "${PODS_ROOT}/../Podfile.lock" "${PODS_ROOT}/Manifest.lock" &gt; /dev/null
if [[ $? != 0 ]] ; then
    cat &lt;&lt; EOM
error: The sandbox is not in sync with the Podfile.lock. Run 'pod install' or update your CocoaPods installation.
EOM
    exit 1
fi
</string>
			<key>showEnvVarsInLog</key>
			<string>0</string>
		</dict>
		<key>40705057108C4AF1A9D3D8DF</key>
		<dict>
			<key>includeInIndex</key>
			<string>1</string>
			<key>isa</key>
			<string>PBXFileReference</string>
			<key>lastKnownFileType</key>
			<string>text.xcconfig</string>
			<key>name</key>
			<string>Pods.xcconfig</string>
			<key>path</key>
			<string>Pods/Pods.xcconfig</string>
			<key>sourceTree</key>
			<string>&lt;group&gt;</string>
		</dict>
		<key>482FB6371F3D4FFAB9597E68</key>
		<dict>
			<key>buildActionMask</key>
			<string>2147483647</string>
			<key>files</key>
			<array/>
			<key>inputPaths</key>
			<array/>
			<key>isa</key>
			<string>PBXShellScriptBuildPhase</string>
			<key>name</key>
			<string>Warn for TODO and FIXME comments</string>
			<key>outputPaths</key>
			<array/>
			<key>runOnlyForDeploymentPostprocessing</key>
			<string>0</string>
			<key>shellPath</key>
			<string>/bin/sh</string>
			<key>shellScript</key>
			<string>KEYWORDS="TODO:|FIXME:|\?\?\?:|\!\!\!:"
FILE_EXTENSIONS="h|m|mm|c|cpp"
find -E "${SRCROOT}" -ipath "${SRCROOT}/pods" -prune -o \( -regex ".*\.($FILE_EXTENSIONS)$" \) -print0 | xargs -0 egrep --with-filename --line-number --only-matching "($KEYWORDS).*\$" | perl -p -e "s/($KEYWORDS)/ warning: \$1/"
</string>
			<key>showEnvVarsInLog</key>
			<string>1</string>
		</dict>
		<key>D50901DE540F4526A9F28EFC</key>
		<dict>
			<key>explicitFileType</key>
			<string>archive.ar</string>
			<key>includeInIndex</key>
			<string>0</string>
			<key>isa</key>
			<string>PBXFileReference</string>
			<key>path</key>
			<string>libPods.a</string>
			<key>sourceTree</key>
			<string>BUILT_PRODUCTS_DIR</string>
		</dict>
		<key>F426D700190FE3F900963EDE</key>
		<dict>
			<key>children</key>
			<array>
				<string>F426D712190FE3F900963EDE</string>
				<string>F426D731190FE3FA00963EDE</string>
				<string>F426D70B190FE3F900963EDE</string>
				<string>F426D70A190FE3F900963EDE</string>
				<string>40705057108C4AF1A9D3D8DF</string>
			</array>
			<key>indentWidth</key>
			<string>4</string>
			<key>isa</key>
			<string>PBXGroup</string>
			<key>sourceTree</key>
			<string>&lt;group&gt;</string>
			<key>tabWidth</key>
			<string>4</string>
			<key>usesTabs</key>
			<string>0</string>
		</dict>
		<key>F426D701190FE3F900963EDE</key>
		<dict>
			<key>attributes</key>
			<dict>
				<key>CLASSPREFIX</key>
				<string>SC</string>
				<key>LastUpgradeCheck</key>
				<string>0510</string>
				<key>ORGANIZATIONNAME</key>
				<string>Shinobi Controls</string>
				<key>TargetAttributes</key>
				<dict>
					<key>F426D729190FE3FA00963EDE</key>
					<dict>
						<key>TestTargetID</key>
						<string>F426D708190FE3F900963EDE</string>
					</dict>
				</dict>
			</dict>
			<key>buildConfigurationList</key>
			<string>F426D704190FE3F900963EDE</string>
			<key>compatibilityVersion</key>
			<string>Xcode 3.2</string>
			<key>developmentRegion</key>
			<string>English</string>
			<key>hasScannedForEncodings</key>
			<string>0</string>
			<key>isa</key>
			<string>PBXProject</string>
			<key>knownRegions</key>
			<array>
				<string>en</string>
				<string>Base</string>
			</array>
			<key>mainGroup</key>
			<string>F426D700190FE3F900963EDE</string>
			<key>productRefGroup</key>
			<string>F426D70A190FE3F900963EDE</string>
			<key>projectDirPath</key>
			<string></string>
			<key>projectReferences</key>
			<array/>
			<key>projectRoot</key>
			<string></string>
			<key>targets</key>
			<array>
				<string>F426D708190FE3F900963EDE</string>
				<string>F426D729190FE3FA00963EDE</string>
			</array>
		</dict>
		<key>F426D704190FE3F900963EDE</key>
		<dict>
			<key>buildConfigurations</key>
			<array>
				<string>F426D739190FE3FA00963EDE</string>
				<string>F426D73A190FE3FA00963EDE</string>
			</array>
			<key>defaultConfigurationIsVisible</key>
			<string>0</string>
			<key>defaultConfigurationName</key>
			<string>Release</string>
			<key>isa</key>
			<string>XCConfigurationList</string>
		</dict>
		<key>F426D705190FE3F900963EDE</key>
		<dict>
			<key>buildActionMask</key>
			<string>2147483647</string>
			<key>files</key>
			<array>
				<string>F426D71D190FE3F900963EDE</string>
				<string>F426D723190FE3F900963EDE</string>
				<string>F426D719190FE3F900963EDE</string>
			</array>
			<key>isa</key>
			<string>PBXSourcesBuildPhase</string>
			<key>runOnlyForDeploymentPostprocessing</key>
			<string>0</string>
		</dict>
		<key>F426D706190FE3F900963EDE</key>
		<dict>
			<key>buildActionMask</key>
			<string>2147483647</string>
			<key>files</key>
			<array>
				<string>F426D70F190FE3F900963EDE</string>
				<string>F426D711190FE3F900963EDE</string>
				<string>F426D70D190FE3F900963EDE</string>
				<string>1863634AFC374885859B6AEC</string>
			</array>
			<key>isa</key>
			<string>PBXFrameworksBuildPhase</string>
			<key>runOnlyForDeploymentPostprocessing</key>
			<string>0</string>
		</dict>
		<key>F426D707190FE3F900963EDE</key>
		<dict>
			<key>buildActionMask</key>
			<string>2147483647</string>
			<key>files</key>
			<array>
				<string>F426D725190FE3F900963EDE</string>
				<string>F426D717190FE3F900963EDE</string>
				<string>F426D720190FE3F900963EDE</string>
			</array>
			<key>isa</key>
			<string>PBXResourcesBuildPhase</string>
			<key>runOnlyForDeploymentPostprocessing</key>
			<string>0</string>
		</dict>
		<key>F426D708190FE3F900963EDE</key>
		<dict>
			<key>buildConfigurationList</key>
			<string>F426D73B190FE3FA00963EDE</string>
			<key>buildPhases</key>
			<array>
				<string>197801AE6772440283CBDA12</string>
				<string>F426D705190FE3F900963EDE</string>
				<string>F426D706190FE3F900963EDE</string>
				<string>F426D707190FE3F900963EDE</string>
				<string>482FB6371F3D4FFAB9597E68</string>
				<string>0EA420712A994F8C92C266F0</string>
			</array>
			<key>buildRules</key>
			<array/>
			<key>dependencies</key>
			<array/>
			<key>isa</key>
			<string>PBXNativeTarget</string>
			<key>name</key>
			<string>ReactiveWikiMonitor</string>
			<key>productName</key>
			<string>ReactiveWikiMonitor</string>
			<key>productReference</key>
			<string>F426D709190FE3F900963EDE</string>
			<key>productType</key>
			<string>com.apple.product-type.application</string>
		</dict>
		<key>F426D709190FE3F900963EDE</key>
		<dict>
			<key>explicitFileType</key>
			<string>wrapper.application</string>
			<key>includeInIndex</key>
			<string>0</string>
			<key>isa</key>
			<string>PBXFileReference</string>
			<key>path</key>
			<string>ReactiveWikiMonitor.app</string>
			<key>sourceTree</key>
			<string>BUILT_PRODUCTS_DIR</string>
		</dict>
		<key>F426D70A190FE3F900963EDE</key>
		<dict>
			<key>children</key>
			<array>
				<string>F426D709190FE3F900963EDE</string>
				<string>F426D72A190FE3FA00963EDE</string>
			</array>
			<key>isa</key>
			<string>PBXGroup</string>
			<key>name</key>
			<string>Products</string>
			<key>sourceTree</key>
			<string>&lt;group&gt;</string>
		</dict>
		<key>F426D70B190FE3F900963EDE</key>
		<dict>
			<key>children</key>
			<array>
				<string>F426D70C190FE3F900963EDE</string>
				<string>F426D70E190FE3F900963EDE</string>
				<string>F426D710190FE3F900963EDE</string>
				<string>F426D72B190FE3FA00963EDE</string>
				<string>D50901DE540F4526A9F28EFC</string>
			</array>
			<key>isa</key>
			<string>PBXGroup</string>
			<key>name</key>
			<string>Frameworks</string>
			<key>sourceTree</key>
			<string>&lt;group&gt;</string>
		</dict>
		<key>F426D70C190FE3F900963EDE</key>
		<dict>
			<key>isa</key>
			<string>PBXFileReference</string>
			<key>lastKnownFileType</key>
			<string>wrapper.framework</string>
			<key>name</key>
			<string>Foundation.framework</string>
			<key>path</key>
			<string>System/Library/Frameworks/Foundation.framework</string>
			<key>sourceTree</key>
			<string>SDKROOT</string>
		</dict>
		<key>F426D70D190FE3F900963EDE</key>
		<dict>
			<key>fileRef</key>
			<string>F426D70C190FE3F900963EDE</string>
			<key>isa</key>
			<string>PBXBuildFile</string>
		</dict>
		<key>F426D70E190FE3F900963EDE</key>
		<dict>
			<key>isa</key>
			<string>PBXFileReference</string>
			<key>lastKnownFileType</key>
			<string>wrapper.framework</string>
			<key>name</key>
			<string>CoreGraphics.framework</string>
			<key>path</key>
			<string>System/Library/Frameworks/CoreGraphics.framework</string>
			<key>sourceTree</key>
			<string>SDKROOT</string>
		</dict>
		<key>F426D70F190FE3F900963EDE</key>
		<dict>
			<key>fileRef</key>
			<string>F426D70E190FE3F900963EDE</string>
			<key>isa</key>
			<string>PBXBuildFile</string>
		</dict>
		<key>F426D710190FE3F900963EDE</key>
		<dict>
			<key>isa</key>
			<string>PBXFileReference</string>
			<key>lastKnownFileType</key>
			<string>wrapper.framework</string>
			<key>name</key>
			<string>UIKit.framework</string>
			<key>path</key>
			<string>System/Library/Frameworks/UIKit.framework</string>
			<key>sourceTree</key>
			<string>SDKROOT</string>
		</dict>
		<key>F426D711190FE3F900963EDE</key>
		<dict>
			<key>fileRef</key>
			<string>F426D710190FE3F900963EDE</string>
			<key>isa</key>
			<string>PBXBuildFile</string>
		</dict>
		<key>F426D712190FE3F900963EDE</key>
		<dict>
			<key>children</key>
			<array>
				<string>F426D71B190FE3F900963EDE</string>
				<string>F426D71C190FE3F900963EDE</string>
				<string>F426D71E190FE3F900963EDE</string>
				<string>F426D721190FE3F900963EDE</string>
				<string>F426D722190FE3F900963EDE</string>
				<string>F426D724190FE3F900963EDE</string>
				<string>F426D713190FE3F900963EDE</string>
			</array>
			<key>isa</key>
			<string>PBXGroup</string>
			<key>path</key>
			<string>ReactiveWikiMonitor</string>
			<key>sourceTree</key>
			<string>&lt;group&gt;</string>
		</dict>
		<key>F426D713190FE3F900963EDE</key>
		<dict>
			<key>children</key>
			<array>
				<string>F426D714190FE3F900963EDE</string>
				<string>F426D715190FE3F900963EDE</string>
				<string>F426D718190FE3F900963EDE</string>
				<string>F426D71A190FE3F900963EDE</string>
			</array>
			<key>isa</key>
			<string>PBXGroup</string>
			<key>name</key>
			<string>Supporting Files</string>
			<key>sourceTree</key>
			<string>&lt;group&gt;</string>
		</dict>
		<key>F426D714190FE3F900963EDE</key>
		<dict>
			<key>isa</key>
			<string>PBXFileReference</string>
			<key>lastKnownFileType</key>
			<string>text.plist.xml</string>
			<key>path</key>
			<string>ReactiveWikiMonitor-Info.plist</string>
			<key>sourceTree</key>
			<string>&lt;group&gt;</string>
		</dict>
		<key>F426D715190FE3F900963EDE</key>
		<dict>
			<key>children</key>
			<array>
				<string>F426D716190FE3F900963EDE</string>
			</array>
			<key>isa</key>
			<string>PBXVariantGroup</string>
			<key>name</key>
			<string>InfoPlist.strings</string>
			<key>sourceTree</key>
			<string>&lt;group&gt;</string>
		</dict>
		<key>F426D716190FE3F900963EDE</key>
		<dict>
			<key>isa</key>
			<string>PBXFileReference</string>
			<key>lastKnownFileType</key>
			<string>text.plist.strings</string>
			<key>name</key>
			<string>en</string>
			<key>path</key>
			<string>en.lproj/InfoPlist.strings</string>
			<key>sourceTree</key>
			<string>&lt;group&gt;</string>
		</dict>
		<key>F426D717190FE3F900963EDE</key>
		<dict>
			<key>fileRef</key>
			<string>F426D715190FE3F900963EDE</string>
			<key>isa</key>
			<string>PBXBuildFile</string>
		</dict>
		<key>F426D718190FE3F900963EDE</key>
		<dict>
			<key>isa</key>
			<string>PBXFileReference</string>
			<key>lastKnownFileType</key>
			<string>sourcecode.c.objc</string>
			<key>path</key>
			<string>main.m</string>
			<key>sourceTree</key>
			<string>&lt;group&gt;</string>
		</dict>
		<key>F426D719190FE3F900963EDE</key>
		<dict>
			<key>fileRef</key>
			<string>F426D718190FE3F900963EDE</string>
			<key>isa</key>
			<string>PBXBuildFile</string>
		</dict>
		<key>F426D71A190FE3F900963EDE</key>
		<dict>
			<key>isa</key>
			<string>PBXFileReference</string>
			<key>lastKnownFileType</key>
			<string>sourcecode.c.h</string>
			<key>path</key>
			<string>ReactiveWikiMonitor-Prefix.pch</string>
			<key>sourceTree</key>
			<string>&lt;group&gt;</string>
		</dict>
		<key>F426D71B190FE3F900963EDE</key>
		<dict>
			<key>isa</key>
			<string>PBXFileReference</string>
			<key>lastKnownFileType</key>
			<string>sourcecode.c.h</string>
			<key>path</key>
			<string>SCAppDelegate.h</string>
			<key>sourceTree</key>
			<string>&lt;group&gt;</string>
		</dict>
		<key>F426D71C190FE3F900963EDE</key>
		<dict>
			<key>isa</key>
			<string>PBXFileReference</string>
			<key>lastKnownFileType</key>
			<string>sourcecode.c.objc</string>
			<key>path</key>
			<string>SCAppDelegate.m</string>
			<key>sourceTree</key>
			<string>&lt;group&gt;</string>
		</dict>
		<key>F426D71D190FE3F900963EDE</key>
		<dict>
			<key>fileRef</key>
			<string>F426D71C190FE3F900963EDE</string>
			<key>isa</key>
			<string>PBXBuildFile</string>
		</dict>
		<key>F426D71E190FE3F900963EDE</key>
		<dict>
			<key>children</key>
			<array>
				<string>F426D71F190FE3F900963EDE</string>
			</array>
			<key>isa</key>
			<string>PBXVariantGroup</string>
			<key>name</key>
			<string>Main.storyboard</string>
			<key>sourceTree</key>
			<string>&lt;group&gt;</string>
		</dict>
		<key>F426D71F190FE3F900963EDE</key>
		<dict>
			<key>isa</key>
			<string>PBXFileReference</string>
			<key>lastKnownFileType</key>
			<string>file.storyboard</string>
			<key>name</key>
			<string>Base</string>
			<key>path</key>
			<string>Base.lproj/Main.storyboard</string>
			<key>sourceTree</key>
			<string>&lt;group&gt;</string>
		</dict>
		<key>F426D720190FE3F900963EDE</key>
		<dict>
			<key>fileRef</key>
			<string>F426D71E190FE3F900963EDE</string>
			<key>isa</key>
			<string>PBXBuildFile</string>
		</dict>
		<key>F426D721190FE3F900963EDE</key>
		<dict>
			<key>isa</key>
			<string>PBXFileReference</string>
			<key>lastKnownFileType</key>
			<string>sourcecode.c.h</string>
			<key>path</key>
			<string>SCViewController.h</string>
			<key>sourceTree</key>
			<string>&lt;group&gt;</string>
		</dict>
		<key>F426D722190FE3F900963EDE</key>
		<dict>
			<key>isa</key>
			<string>PBXFileReference</string>
			<key>lastKnownFileType</key>
			<string>sourcecode.c.objc</string>
			<key>path</key>
			<string>SCViewController.m</string>
			<key>sourceTree</key>
			<string>&lt;group&gt;</string>
		</dict>
		<key>F426D723190FE3F900963EDE</key>
		<dict>
			<key>fileRef</key>
			<string>F426D722190FE3F900963EDE</string>
			<key>isa</key>
			<string>PBXBuildFile</string>
		</dict>
		<key>F426D724190FE3F900963EDE</key>
		<dict>
			<key>isa</key>
			<string>PBXFileReference</string>
			<key>lastKnownFileType</key>
			<string>folder.assetcatalog</string>
			<key>path</key>
			<string>Images.xcassets</string>
			<key>sourceTree</key>
			<string>&lt;group&gt;</string>
		</dict>
		<key>F426D725190FE3F900963EDE</key>
		<dict>
			<key>fileRef</key>
			<string>F426D724190FE3F900963EDE</string>
			<key>isa</key>
			<string>PBXBuildFile</string>
		</dict>
		<key>F426D726190FE3FA00963EDE</key>
		<dict>
			<key>buildActionMask</key>
			<string>2147483647</string>
			<key>files</key>
			<array>
				<string>F426D738190FE3FA00963EDE</string>
			</array>
			<key>isa</key>
			<string>PBXSourcesBuildPhase</string>
			<key>runOnlyForDeploymentPostprocessing</key>
			<string>0</string>
		</dict>
		<key>F426D727190FE3FA00963EDE</key>
		<dict>
			<key>buildActionMask</key>
			<string>2147483647</string>
			<key>files</key>
			<array>
				<string>F426D72C190FE3FA00963EDE</string>
				<string>F426D72E190FE3FA00963EDE</string>
				<string>F426D72D190FE3FA00963EDE</string>
			</array>
			<key>isa</key>
			<string>PBXFrameworksBuildPhase</string>
			<key>runOnlyForDeploymentPostprocessing</key>
			<string>0</string>
		</dict>
		<key>F426D728190FE3FA00963EDE</key>
		<dict>
			<key>buildActionMask</key>
			<string>2147483647</string>
			<key>files</key>
			<array>
				<string>F426D736190FE3FA00963EDE</string>
			</array>
			<key>isa</key>
			<string>PBXResourcesBuildPhase</string>
			<key>runOnlyForDeploymentPostprocessing</key>
			<string>0</string>
		</dict>
		<key>F426D729190FE3FA00963EDE</key>
		<dict>
			<key>buildConfigurationList</key>
			<string>F426D73E190FE3FA00963EDE</string>
			<key>buildPhases</key>
			<array>
				<string>F426D726190FE3FA00963EDE</string>
				<string>F426D727190FE3FA00963EDE</string>
				<string>F426D728190FE3FA00963EDE</string>
			</array>
			<key>buildRules</key>
			<array/>
			<key>dependencies</key>
			<array>
				<string>F426D730190FE3FA00963EDE</string>
			</array>
			<key>isa</key>
			<string>PBXNativeTarget</string>
			<key>name</key>
			<string>ReactiveWikiMonitorTests</string>
			<key>productName</key>
			<string>ReactiveWikiMonitorTests</string>
			<key>productReference</key>
			<string>F426D72A190FE3FA00963EDE</string>
			<key>productType</key>
			<string>com.apple.product-type.bundle.unit-test</string>
		</dict>
		<key>F426D72A190FE3FA00963EDE</key>
		<dict>
			<key>explicitFileType</key>
			<string>wrapper.cfbundle</string>
			<key>includeInIndex</key>
			<string>0</string>
			<key>isa</key>
			<string>PBXFileReference</string>
			<key>path</key>
			<string>ReactiveWikiMonitorTests.xctest</string>
			<key>sourceTree</key>
			<string>BUILT_PRODUCTS_DIR</string>
		</dict>
		<key>F426D72B190FE3FA00963EDE</key>
		<dict>
			<key>isa</key>
			<string>PBXFileReference</string>
			<key>lastKnownFileType</key>
			<string>wrapper.framework</string>
			<key>name</key>
			<string>XCTest.framework</string>
			<key>path</key>
			<string>Library/Frameworks/XCTest.framework</string>
			<key>sourceTree</key>
			<string>DEVELOPER_DIR</string>
		</dict>
		<key>F426D72C190FE3FA00963EDE</key>
		<dict>
			<key>fileRef</key>
			<string>F426D72B190FE3FA00963EDE</string>
			<key>isa</key>
			<string>PBXBuildFile</string>
		</dict>
		<key>F426D72D190FE3FA00963EDE</key>
		<dict>
			<key>fileRef</key>
			<string>F426D70C190FE3F900963EDE</string>
			<key>isa</key>
			<string>PBXBuildFile</string>
		</dict>
		<key>F426D72E190FE3FA00963EDE</key>
		<dict>
			<key>fileRef</key>
			<string>F426D710190FE3F900963EDE</string>
			<key>isa</key>
			<string>PBXBuildFile</string>
		</dict>
		<key>F426D72F190FE3FA00963EDE</key>
		<dict>
			<key>containerPortal</key>
			<string>F426D701190FE3F900963EDE</string>
			<key>isa</key>
			<string>PBXContainerItemProxy</string>
			<key>proxyType</key>
			<string>1</string>
			<key>remoteGlobalIDString</key>
			<string>F426D708190FE3F900963EDE</string>
			<key>remoteInfo</key>
			<string>ReactiveWikiMonitor</string>
		</dict>
		<key>F426D730190FE3FA00963EDE</key>
		<dict>
			<key>isa</key>
			<string>PBXTargetDependency</string>
			<key>target</key>
			<string>F426D708190FE3F900963EDE</string>
			<key>targetProxy</key>
			<string>F426D72F190FE3FA00963EDE</string>
		</dict>
		<key>F426D731190FE3FA00963EDE</key>
		<dict>
			<key>children</key>
			<array>
				<string>F426D737190FE3FA00963EDE</string>
				<string>F426D732190FE3FA00963EDE</string>
			</array>
			<key>isa</key>
			<string>PBXGroup</string>
			<key>path</key>
			<string>ReactiveWikiMonitorTests</string>
			<key>sourceTree</key>
			<string>&lt;group&gt;</string>
		</dict>
		<key>F426D732190FE3FA00963EDE</key>
		<dict>
			<key>children</key>
			<array>
				<string>F426D733190FE3FA00963EDE</string>
				<string>F426D734190FE3FA00963EDE</string>
			</array>
			<key>isa</key>
			<string>PBXGroup</string>
			<key>name</key>
			<string>Supporting Files</string>
			<key>sourceTree</key>
			<string>&lt;group&gt;</string>
		</dict>
		<key>F426D733190FE3FA00963EDE</key>
		<dict>
			<key>isa</key>
			<string>PBXFileReference</string>
			<key>lastKnownFileType</key>
			<string>text.plist.xml</string>
			<key>path</key>
			<string>ReactiveWikiMonitorTests-Info.plist</string>
			<key>sourceTree</key>
			<string>&lt;group&gt;</string>
		</dict>
		<key>F426D734190FE3FA00963EDE</key>
		<dict>
			<key>children</key>
			<array>
				<string>F426D735190FE3FA00963EDE</string>
			</array>
			<key>isa</key>
			<string>PBXVariantGroup</string>
			<key>name</key>
			<string>InfoPlist.strings</string>
			<key>sourceTree</key>
			<string>&lt;group&gt;</string>
		</dict>
		<key>F426D735190FE3FA00963EDE</key>
		<dict>
			<key>isa</key>
			<string>PBXFileReference</string>
			<key>lastKnownFileType</key>
			<string>text.plist.strings</string>
			<key>name</key>
			<string>en</string>
			<key>path</key>
			<string>en.lproj/InfoPlist.strings</string>
			<key>sourceTree</key>
			<string>&lt;group&gt;</string>
		</dict>
		<key>F426D736190FE3FA00963EDE</key>
		<dict>
			<key>fileRef</key>
			<string>F426D734190FE3FA00963EDE</string>
			<key>isa</key>
			<string>PBXBuildFile</string>
		</dict>
		<key>F426D737190FE3FA00963EDE</key>
		<dict>
			<key>isa</key>
			<string>PBXFileReference</string>
			<key>lastKnownFileType</key>
			<string>sourcecode.c.objc</string>
			<key>path</key>
			<string>ReactiveWikiMonitorTests.m</string>
			<key>sourceTree</key>
			<string>&lt;group&gt;</string>
		</dict>
		<key>F426D738190FE3FA00963EDE</key>
		<dict>
			<key>fileRef</key>
			<string>F426D737190FE3FA00963EDE</string>
			<key>isa</key>
			<string>PBXBuildFile</string>
		</dict>
		<key>F426D739190FE3FA00963EDE</key>
		<dict>
			<key>buildSettings</key>
			<dict>
				<key>ALWAYS_SEARCH_USER_PATHS</key>
				<string>NO</string>
				<key>CLANG_CXX_LANGUAGE_STANDARD</key>
				<string>gnu++0x</string>
				<key>CLANG_CXX_LIBRARY</key>
				<string>libc++</string>
				<key>CLANG_ENABLE_MODULES</key>
				<string>YES</string>
				<key>CLANG_ENABLE_OBJC_ARC</key>
				<string>YES</string>
				<key>CLANG_WARN_BOOL_CONVERSION</key>
				<string>YES</string>
				<key>CLANG_WARN_CONSTANT_CONVERSION</key>
				<string>YES</string>
				<key>CLANG_WARN_DEPRECATED_OBJC_IMPLEMENTATIONS</key>
				<string>YES</string>
				<key>CLANG_WARN_DIRECT_OBJC_ISA_USAGE</key>
				<string>YES_ERROR</string>
				<key>CLANG_WARN_EMPTY_BODY</key>
				<string>YES</string>
				<key>CLANG_WARN_ENUM_CONVERSION</key>
				<string>YES</string>
				<key>CLANG_WARN_INT_CONVERSION</key>
				<string>YES</string>
				<key>CLANG_WARN_OBJC_IMPLICIT_RETAIN_SELF</key>
				<string>YES</string>
				<key>CLANG_WARN_OBJC_ROOT_CLASS</key>
				<string>YES_ERROR</string>
				<key>CLANG_WARN__DUPLICATE_METHOD_MATCH</key>
				<string>YES</string>
				<key>CODE_SIGN_IDENTITY[sdk=iphoneos*]</key>
				<string>iPhone Developer</string>
				<key>COPY_PHASE_STRIP</key>
				<string>NO</string>
				<key>GCC_C_LANGUAGE_STANDARD</key>
				<string>gnu99</string>
				<key>GCC_DYNAMIC_NO_PIC</key>
				<string>NO</string>
				<key>GCC_OPTIMIZATION_LEVEL</key>
				<string>0</string>
				<key>GCC_PREPROCESSOR_DEFINITIONS</key>
				<array>
					<string>DEBUG=1</string>
					<string>$(inherited)</string>
				</array>
				<key>GCC_SYMBOLS_PRIVATE_EXTERN</key>
				<string>NO</string>
				<key>GCC_WARN_64_TO_32_BIT_CONVERSION</key>
				<string>YES</string>
				<key>GCC_WARN_ABOUT_MISSING_FIELD_INITIALIZERS</key>
				<string>YES</string>
				<key>GCC_WARN_ABOUT_MISSING_NEWLINE</key>
				<string>YES</string>
				<key>GCC_WARN_ABOUT_RETURN_TYPE</key>
				<string>YES</string>
				<key>GCC_WARN_CHECK_SWITCH_STATEMENTS</key>
				<string>YES</string>
				<key>GCC_WARN_INITIALIZER_NOT_FULLY_BRACKETED</key>
				<string>YES</string>
				<key>GCC_WARN_MISSING_PARENTHESES</key>
				<string>YES</string>
				<key>GCC_WARN_SHADOW</key>
				<string>YES</string>
				<key>GCC_WARN_SIGN_COMPARE</key>
				<string>YES</string>
				<key>GCC_WARN_TYPECHECK_CALLS_TO_PRINTF</key>
				<string>YES</string>
				<key>GCC_WARN_UNDECLARED_SELECTOR</key>
				<string>YES</string>
				<key>GCC_WARN_UNINITIALIZED_AUTOS</key>
				<string>YES_AGGRESSIVE</string>
				<key>GCC_WARN_UNUSED_FUNCTION</key>
				<string>YES</string>
				<key>GCC_WARN_UNUSED_LABEL</key>
				<string>YES</string>
				<key>GCC_WARN_UNUSED_VALUE</key>
				<string>YES</string>
				<key>GCC_WARN_UNUSED_VARIABLE</key>
				<string>YES</string>
				<key>IPHONEOS_DEPLOYMENT_TARGET</key>
				<string>7.1</string>
				<key>ONLY_ACTIVE_ARCH</key>
				<string>YES</string>
				<key>RUN_CLANG_STATIC_ANALYZER</key>
				<string>YES</string>
				<key>SDKROOT</key>
				<string>iphoneos</string>
			</dict>
			<key>isa</key>
			<string>XCBuildConfiguration</string>
			<key>name</key>
			<string>Debug</string>
		</dict>
		<key>F426D73A190FE3FA00963EDE</key>
		<dict>
			<key>buildSettings</key>
			<dict>
				<key>ALWAYS_SEARCH_USER_PATHS</key>
				<string>NO</string>
				<key>CLANG_CXX_LANGUAGE_STANDARD</key>
				<string>gnu++0x</string>
				<key>CLANG_CXX_LIBRARY</key>
				<string>libc++</string>
				<key>CLANG_ENABLE_MODULES</key>
				<string>YES</string>
				<key>CLANG_ENABLE_OBJC_ARC</key>
				<string>YES</string>
				<key>CLANG_WARN_BOOL_CONVERSION</key>
				<string>YES</string>
				<key>CLANG_WARN_CONSTANT_CONVERSION</key>
				<string>YES</string>
				<key>CLANG_WARN_DEPRECATED_OBJC_IMPLEMENTATIONS</key>
				<string>YES</string>
				<key>CLANG_WARN_DIRECT_OBJC_ISA_USAGE</key>
				<string>YES_ERROR</string>
				<key>CLANG_WARN_EMPTY_BODY</key>
				<string>YES</string>
				<key>CLANG_WARN_ENUM_CONVERSION</key>
				<string>YES</string>
				<key>CLANG_WARN_INT_CONVERSION</key>
				<string>YES</string>
				<key>CLANG_WARN_OBJC_IMPLICIT_RETAIN_SELF</key>
				<string>YES</string>
				<key>CLANG_WARN_OBJC_ROOT_CLASS</key>
				<string>YES_ERROR</string>
				<key>CLANG_WARN__DUPLICATE_METHOD_MATCH</key>
				<string>YES</string>
				<key>CODE_SIGN_IDENTITY[sdk=iphoneos*]</key>
				<string>iPhone Developer</string>
				<key>COPY_PHASE_STRIP</key>
				<string>YES</string>
				<key>ENABLE_NS_ASSERTIONS</key>
				<string>NO</string>
				<key>GCC_C_LANGUAGE_STANDARD</key>
				<string>gnu99</string>
				<key>GCC_WARN_64_TO_32_BIT_CONVERSION</key>
				<string>YES</string>
				<key>GCC_WARN_ABOUT_MISSING_FIELD_INITIALIZERS</key>
				<string>YES</string>
				<key>GCC_WARN_ABOUT_MISSING_NEWLINE</key>
				<string>YES</string>
				<key>GCC_WARN_ABOUT_RETURN_TYPE</key>
				<string>YES</string>
				<key>GCC_WARN_CHECK_SWITCH_STATEMENTS</key>
				<string>YES</string>
				<key>GCC_WARN_INITIALIZER_NOT_FULLY_BRACKETED</key>
				<string>YES</string>
				<key>GCC_WARN_MISSING_PARENTHESES</key>
				<string>YES</string>
				<key>GCC_WARN_SHADOW</key>
				<string>YES</string>
				<key>GCC_WARN_SIGN_COMPARE</key>
				<string>YES</string>
				<key>GCC_WARN_TYPECHECK_CALLS_TO_PRINTF</key>
				<string>YES</string>
				<key>GCC_WARN_UNDECLARED_SELECTOR</key>
				<string>YES</string>
				<key>GCC_WARN_UNINITIALIZED_AUTOS</key>
				<string>YES_AGGRESSIVE</string>
				<key>GCC_WARN_UNUSED_FUNCTION</key>
				<string>YES</string>
				<key>GCC_WARN_UNUSED_LABEL</key>
				<string>YES</string>
				<key>GCC_WARN_UNUSED_VALUE</key>
				<string>YES</string>
				<key>GCC_WARN_UNUSED_VARIABLE</key>
				<string>YES</string>
				<key>IPHONEOS_DEPLOYMENT_TARGET</key>
				<string>7.1</string>
				<key>RUN_CLANG_STATIC_ANALYZER</key>
				<string>YES</string>
				<key>SDKROOT</key>
				<string>iphoneos</string>
				<key>VALIDATE_PRODUCT</key>
				<string>YES</string>
			</dict>
			<key>isa</key>
			<string>XCBuildConfiguration</string>
			<key>name</key>
			<string>Release</string>
		</dict>
		<key>F426D73B190FE3FA00963EDE</key>
		<dict>
			<key>buildConfigurations</key>
			<array>
				<string>F426D73C190FE3FA00963EDE</string>
				<string>F426D73D190FE3FA00963EDE</string>
			</array>
			<key>defaultConfigurationIsVisible</key>
			<string>0</string>
			<key>isa</key>
			<string>XCConfigurationList</string>
		</dict>
		<key>F426D73C190FE3FA00963EDE</key>
		<dict>
			<key>baseConfigurationReference</key>
			<string>40705057108C4AF1A9D3D8DF</string>
			<key>buildSettings</key>
			<dict>
				<key>ASSETCATALOG_COMPILER_APPICON_NAME</key>
				<string>AppIcon</string>
				<key>ASSETCATALOG_COMPILER_LAUNCHIMAGE_NAME</key>
				<string>LaunchImage</string>
				<key>GCC_PRECOMPILE_PREFIX_HEADER</key>
				<string>YES</string>
				<key>GCC_PREFIX_HEADER</key>
				<string>ReactiveWikiMonitor/ReactiveWikiMonitor-Prefix.pch</string>
				<key>INFOPLIST_FILE</key>
				<string>ReactiveWikiMonitor/ReactiveWikiMonitor-Info.plist</string>
				<key>PRODUCT_NAME</key>
				<string>$(TARGET_NAME)</string>
				<key>WRAPPER_EXTENSION</key>
				<string>app</string>
			</dict>
			<key>isa</key>
			<string>XCBuildConfiguration</string>
			<key>name</key>
			<string>Debug</string>
		</dict>
		<key>F426D73D190FE3FA00963EDE</key>
		<dict>
			<key>baseConfigurationReference</key>
			<string>40705057108C4AF1A9D3D8DF</string>
			<key>buildSettings</key>
			<dict>
				<key>ASSETCATALOG_COMPILER_APPICON_NAME</key>
				<string>AppIcon</string>
				<key>ASSETCATALOG_COMPILER_LAUNCHIMAGE_NAME</key>
				<string>LaunchImage</string>
				<key>GCC_PRECOMPILE_PREFIX_HEADER</key>
				<string>YES</string>
				<key>GCC_PREFIX_HEADER</key>
				<string>ReactiveWikiMonitor/ReactiveWikiMonitor-Prefix.pch</string>
				<key>INFOPLIST_FILE</key>
				<string>ReactiveWikiMonitor/ReactiveWikiMonitor-Info.plist</string>
				<key>PRODUCT_NAME</key>
				<string>$(TARGET_NAME)</string>
				<key>WRAPPER_EXTENSION</key>
				<string>app</string>
			</dict>
			<key>isa</key>
			<string>XCBuildConfiguration</string>
			<key>name</key>
			<string>Release</string>
		</dict>
		<key>F426D73E190FE3FA00963EDE</key>
		<dict>
			<key>buildConfigurations</key>
			<array>
				<string>F426D73F190FE3FA00963EDE</string>
				<string>F426D740190FE3FA00963EDE</string>
			</array>
			<key>defaultConfigurationIsVisible</key>
			<string>0</string>
			<key>isa</key>
			<string>XCConfigurationList</string>
		</dict>
		<key>F426D73F190FE3FA00963EDE</key>
		<dict>
			<key>buildSettings</key>
			<dict>
				<key>BUNDLE_LOADER</key>
				<string>$(BUILT_PRODUCTS_DIR)/ReactiveWikiMonitor.app/ReactiveWikiMonitor</string>
				<key>FRAMEWORK_SEARCH_PATHS</key>
				<array>
					<string>$(SDKROOT)/Developer/Library/Frameworks</string>
					<string>$(inherited)</string>
					<string>$(DEVELOPER_FRAMEWORKS_DIR)</string>
				</array>
				<key>GCC_PRECOMPILE_PREFIX_HEADER</key>
				<string>YES</string>
				<key>GCC_PREFIX_HEADER</key>
				<string>ReactiveWikiMonitor/ReactiveWikiMonitor-Prefix.pch</string>
				<key>GCC_PREPROCESSOR_DEFINITIONS</key>
				<array>
					<string>DEBUG=1</string>
					<string>$(inherited)</string>
				</array>
				<key>INFOPLIST_FILE</key>
				<string>ReactiveWikiMonitorTests/ReactiveWikiMonitorTests-Info.plist</string>
				<key>PRODUCT_NAME</key>
				<string>$(TARGET_NAME)</string>
				<key>TEST_HOST</key>
				<string>$(BUNDLE_LOADER)</string>
				<key>WRAPPER_EXTENSION</key>
				<string>xctest</string>
			</dict>
			<key>isa</key>
			<string>XCBuildConfiguration</string>
			<key>name</key>
			<string>Debug</string>
		</dict>
		<key>F426D740190FE3FA00963EDE</key>
		<dict>
			<key>buildSettings</key>
			<dict>
				<key>BUNDLE_LOADER</key>
				<string>$(BUILT_PRODUCTS_DIR)/ReactiveWikiMonitor.app/ReactiveWikiMonitor</string>
				<key>FRAMEWORK_SEARCH_PATHS</key>
				<array>
					<string>$(SDKROOT)/Developer/Library/Frameworks</string>
					<string>$(inherited)</string>
					<string>$(DEVELOPER_FRAMEWORKS_DIR)</string>
				</array>
				<key>GCC_PRECOMPILE_PREFIX_HEADER</key>
				<string>YES</string>
				<key>GCC_PREFIX_HEADER</key>
				<string>ReactiveWikiMonitor/ReactiveWikiMonitor-Prefix.pch</string>
				<key>INFOPLIST_FILE</key>
				<string>ReactiveWikiMonitorTests/ReactiveWikiMonitorTests-Info.plist</string>
				<key>PRODUCT_NAME</key>
				<string>$(TARGET_NAME)</string>
				<key>TEST_HOST</key>
				<string>$(BUNDLE_LOADER)</string>
				<key>WRAPPER_EXTENSION</key>
				<string>xctest</string>
			</dict>
			<key>isa</key>
			<string>XCBuildConfiguration</string>
			<key>name</key>
			<string>Release</string>
		</dict>
	</dict>
	<key>rootObject</key>
	<string>F426D701190FE3F900963EDE</string>
</dict>
</plist>
