// !$*UTF8*$!
{
	archiveVersion = 1;
	classes = {
	};
	objectVersion = 46;
	objects = {

/* Begin PBXBuildFile section */
		1863634AFC374885859B6AEC /* libPods.a in Frameworks */ = {isa = PBXBuildFile; fileRef = D50901DE540F4526A9F28EFC /* libPods.a */; };
		22285AC3195B6CAC00FD767A /* ShinobiCharts.framework in Frameworks */ = {isa = PBXBuildFile; fileRef = 22285AC2195B6CAC00FD767A /* ShinobiCharts.framework */; };
		22285AC6195B6D9200FD767A /* LiveDataSource.swift in Sources */ = {isa = PBXBuildFile; fileRef = 22285AC5195B6D9200FD767A /* LiveDataSource.swift */; };
		F426D70D190FE3F900963EDE /* Foundation.framework in Frameworks */ = {isa = PBXBuildFile; fileRef = F426D70C190FE3F900963EDE /* Foundation.framework */; };
		F426D70F190FE3F900963EDE /* CoreGraphics.framework in Frameworks */ = {isa = PBXBuildFile; fileRef = F426D70E190FE3F900963EDE /* CoreGraphics.framework */; };
		F426D711190FE3F900963EDE /* UIKit.framework in Frameworks */ = {isa = PBXBuildFile; fileRef = F426D710190FE3F900963EDE /* UIKit.framework */; };
		F426D717190FE3F900963EDE /* InfoPlist.strings in Resources */ = {isa = PBXBuildFile; fileRef = F426D715190FE3F900963EDE /* InfoPlist.strings */; };
		F426D719190FE3F900963EDE /* main.m in Sources */ = {isa = PBXBuildFile; fileRef = F426D718190FE3F900963EDE /* main.m */; };
		F426D71D190FE3F900963EDE /* SCAppDelegate.m in Sources */ = {isa = PBXBuildFile; fileRef = F426D71C190FE3F900963EDE /* SCAppDelegate.m */; };
		F426D720190FE3F900963EDE /* Main.storyboard in Resources */ = {isa = PBXBuildFile; fileRef = F426D71E190FE3F900963EDE /* Main.storyboard */; };
		F426D723190FE3F900963EDE /* SCViewController.m in Sources */ = {isa = PBXBuildFile; fileRef = F426D722190FE3F900963EDE /* SCViewController.m */; };
		F426D725190FE3F900963EDE /* Images.xcassets in Resources */ = {isa = PBXBuildFile; fileRef = F426D724190FE3F900963EDE /* Images.xcassets */; };
		F426D72C190FE3FA00963EDE /* XCTest.framework in Frameworks */ = {isa = PBXBuildFile; fileRef = F426D72B190FE3FA00963EDE /* XCTest.framework */; };
		F426D72D190FE3FA00963EDE /* Foundation.framework in Frameworks */ = {isa = PBXBuildFile; fileRef = F426D70C190FE3F900963EDE /* Foundation.framework */; };
		F426D72E190FE3FA00963EDE /* UIKit.framework in Frameworks */ = {isa = PBXBuildFile; fileRef = F426D710190FE3F900963EDE /* UIKit.framework */; };
		F426D736190FE3FA00963EDE /* InfoPlist.strings in Resources */ = {isa = PBXBuildFile; fileRef = F426D734190FE3FA00963EDE /* InfoPlist.strings */; };
		F426D738190FE3FA00963EDE /* ReactiveWikiMonitorTests.m in Sources */ = {isa = PBXBuildFile; fileRef = F426D737190FE3FA00963EDE /* ReactiveWikiMonitorTests.m */; };
		F4528EE9190FE9850063CE8D /* SCWebSocketConnector.m in Sources */ = {isa = PBXBuildFile; fileRef = F4528EE8190FE9850063CE8D /* SCWebSocketConnector.m */; };
		F4528EF419112DF70063CE8D /* CoreText.framework in Frameworks */ = {isa = PBXBuildFile; fileRef = F4528EF019112DF70063CE8D /* CoreText.framework */; };
		F4528EF519112DF70063CE8D /* libc++.dylib in Frameworks */ = {isa = PBXBuildFile; fileRef = F4528EF119112DF70063CE8D /* libc++.dylib */; };
		F4528EF619112DF70063CE8D /* OpenGLES.framework in Frameworks */ = {isa = PBXBuildFile; fileRef = F4528EF219112DF70063CE8D /* OpenGLES.framework */; };
		F4528EF719112DF70063CE8D /* QuartzCore.framework in Frameworks */ = {isa = PBXBuildFile; fileRef = F4528EF319112DF70063CE8D /* QuartzCore.framework */; };
/* End PBXBuildFile section */

/* Begin PBXContainerItemProxy section */
		F426D72F190FE3FA00963EDE /* PBXContainerItemProxy */ = {
			isa = PBXContainerItemProxy;
			containerPortal = F426D701190FE3F900963EDE /* Project object */;
			proxyType = 1;
			remoteGlobalIDString = F426D708190FE3F900963EDE;
			remoteInfo = ReactiveWikiMonitor;
		};
/* End PBXContainerItemProxy section */

/* Begin PBXFileReference section */
		22285AC2195B6CAC00FD767A /* ShinobiCharts.framework */ = {isa = PBXFileReference; lastKnownFileType = wrapper.framework; path = ShinobiCharts.framework; sourceTree = "<group>"; };
		22285AC4195B6D9200FD767A /* ReactiveWikiMonitor-Bridging-Header.h */ = {isa = PBXFileReference; lastKnownFileType = sourcecode.c.h; path = "ReactiveWikiMonitor-Bridging-Header.h"; sourceTree = "<group>"; };
		22285AC5195B6D9200FD767A /* LiveDataSource.swift */ = {isa = PBXFileReference; fileEncoding = 4; indentWidth = 2; lastKnownFileType = sourcecode.swift; path = LiveDataSource.swift; sourceTree = "<group>"; tabWidth = 2; };
		40705057108C4AF1A9D3D8DF /* Pods.xcconfig */ = {isa = PBXFileReference; includeInIndex = 1; lastKnownFileType = text.xcconfig; name = Pods.xcconfig; path = Pods/Pods.xcconfig; sourceTree = "<group>"; };
		D50901DE540F4526A9F28EFC /* libPods.a */ = {isa = PBXFileReference; explicitFileType = archive.ar; includeInIndex = 0; path = libPods.a; sourceTree = BUILT_PRODUCTS_DIR; };
		F426D709190FE3F900963EDE /* ReactiveWikiMonitor.app */ = {isa = PBXFileReference; explicitFileType = wrapper.application; includeInIndex = 0; path = ReactiveWikiMonitor.app; sourceTree = BUILT_PRODUCTS_DIR; };
		F426D70C190FE3F900963EDE /* Foundation.framework */ = {isa = PBXFileReference; lastKnownFileType = wrapper.framework; name = Foundation.framework; path = System/Library/Frameworks/Foundation.framework; sourceTree = SDKROOT; };
		F426D70E190FE3F900963EDE /* CoreGraphics.framework */ = {isa = PBXFileReference; lastKnownFileType = wrapper.framework; name = CoreGraphics.framework; path = System/Library/Frameworks/CoreGraphics.framework; sourceTree = SDKROOT; };
		F426D710190FE3F900963EDE /* UIKit.framework */ = {isa = PBXFileReference; lastKnownFileType = wrapper.framework; name = UIKit.framework; path = System/Library/Frameworks/UIKit.framework; sourceTree = SDKROOT; };
		F426D714190FE3F900963EDE /* ReactiveWikiMonitor-Info.plist */ = {isa = PBXFileReference; lastKnownFileType = text.plist.xml; path = "ReactiveWikiMonitor-Info.plist"; sourceTree = "<group>"; };
		F426D716190FE3F900963EDE /* en */ = {isa = PBXFileReference; lastKnownFileType = text.plist.strings; name = en; path = en.lproj/InfoPlist.strings; sourceTree = "<group>"; };
		F426D718190FE3F900963EDE /* main.m */ = {isa = PBXFileReference; lastKnownFileType = sourcecode.c.objc; path = main.m; sourceTree = "<group>"; };
		F426D71A190FE3F900963EDE /* ReactiveWikiMonitor-Prefix.pch */ = {isa = PBXFileReference; lastKnownFileType = sourcecode.c.h; path = "ReactiveWikiMonitor-Prefix.pch"; sourceTree = "<group>"; };
		F426D71B190FE3F900963EDE /* SCAppDelegate.h */ = {isa = PBXFileReference; lastKnownFileType = sourcecode.c.h; path = SCAppDelegate.h; sourceTree = "<group>"; };
		F426D71C190FE3F900963EDE /* SCAppDelegate.m */ = {isa = PBXFileReference; lastKnownFileType = sourcecode.c.objc; path = SCAppDelegate.m; sourceTree = "<group>"; };
		F426D71F190FE3F900963EDE /* Base */ = {isa = PBXFileReference; lastKnownFileType = file.storyboard; name = Base; path = Base.lproj/Main.storyboard; sourceTree = "<group>"; };
		F426D721190FE3F900963EDE /* SCViewController.h */ = {isa = PBXFileReference; lastKnownFileType = sourcecode.c.h; path = SCViewController.h; sourceTree = "<group>"; };
		F426D722190FE3F900963EDE /* SCViewController.m */ = {isa = PBXFileReference; lastKnownFileType = sourcecode.c.objc; path = SCViewController.m; sourceTree = "<group>"; };
		F426D724190FE3F900963EDE /* Images.xcassets */ = {isa = PBXFileReference; lastKnownFileType = folder.assetcatalog; path = Images.xcassets; sourceTree = "<group>"; };
		F426D72A190FE3FA00963EDE /* ReactiveWikiMonitorTests.xctest */ = {isa = PBXFileReference; explicitFileType = wrapper.cfbundle; includeInIndex = 0; path = ReactiveWikiMonitorTests.xctest; sourceTree = BUILT_PRODUCTS_DIR; };
		F426D72B190FE3FA00963EDE /* XCTest.framework */ = {isa = PBXFileReference; lastKnownFileType = wrapper.framework; name = XCTest.framework; path = Library/Frameworks/XCTest.framework; sourceTree = DEVELOPER_DIR; };
		F426D733190FE3FA00963EDE /* ReactiveWikiMonitorTests-Info.plist */ = {isa = PBXFileReference; lastKnownFileType = text.plist.xml; path = "ReactiveWikiMonitorTests-Info.plist"; sourceTree = "<group>"; };
		F426D735190FE3FA00963EDE /* en */ = {isa = PBXFileReference; lastKnownFileType = text.plist.strings; name = en; path = en.lproj/InfoPlist.strings; sourceTree = "<group>"; };
		F426D737190FE3FA00963EDE /* ReactiveWikiMonitorTests.m */ = {isa = PBXFileReference; lastKnownFileType = sourcecode.c.objc; path = ReactiveWikiMonitorTests.m; sourceTree = "<group>"; };
		F4528EE7190FE9850063CE8D /* SCWebSocketConnector.h */ = {isa = PBXFileReference; fileEncoding = 4; lastKnownFileType = sourcecode.c.h; path = SCWebSocketConnector.h; sourceTree = "<group>"; };
		F4528EE8190FE9850063CE8D /* SCWebSocketConnector.m */ = {isa = PBXFileReference; fileEncoding = 4; lastKnownFileType = sourcecode.c.objc; path = SCWebSocketConnector.m; sourceTree = "<group>"; };
		F4528EF019112DF70063CE8D /* CoreText.framework */ = {isa = PBXFileReference; lastKnownFileType = wrapper.framework; name = CoreText.framework; path = System/Library/Frameworks/CoreText.framework; sourceTree = SDKROOT; };
		F4528EF119112DF70063CE8D /* libc++.dylib */ = {isa = PBXFileReference; lastKnownFileType = "compiled.mach-o.dylib"; name = "libc++.dylib"; path = "usr/lib/libc++.dylib"; sourceTree = SDKROOT; };
		F4528EF219112DF70063CE8D /* OpenGLES.framework */ = {isa = PBXFileReference; lastKnownFileType = wrapper.framework; name = OpenGLES.framework; path = System/Library/Frameworks/OpenGLES.framework; sourceTree = SDKROOT; };
		F4528EF319112DF70063CE8D /* QuartzCore.framework */ = {isa = PBXFileReference; lastKnownFileType = wrapper.framework; name = QuartzCore.framework; path = System/Library/Frameworks/QuartzCore.framework; sourceTree = SDKROOT; };
/* End PBXFileReference section */

/* Begin PBXFrameworksBuildPhase section */
		F426D706190FE3F900963EDE /* Frameworks */ = {
			isa = PBXFrameworksBuildPhase;
			buildActionMask = 2147483647;
			files = (
				F4528EF419112DF70063CE8D /* CoreText.framework in Frameworks */,
				F4528EF519112DF70063CE8D /* libc++.dylib in Frameworks */,
				F4528EF619112DF70063CE8D /* OpenGLES.framework in Frameworks */,
				F4528EF719112DF70063CE8D /* QuartzCore.framework in Frameworks */,
				F426D70F190FE3F900963EDE /* CoreGraphics.framework in Frameworks */,
				22285AC3195B6CAC00FD767A /* ShinobiCharts.framework in Frameworks */,
				F426D711190FE3F900963EDE /* UIKit.framework in Frameworks */,
				F426D70D190FE3F900963EDE /* Foundation.framework in Frameworks */,
				1863634AFC374885859B6AEC /* libPods.a in Frameworks */,
			);
			runOnlyForDeploymentPostprocessing = 0;
		};
		F426D727190FE3FA00963EDE /* Frameworks */ = {
			isa = PBXFrameworksBuildPhase;
			buildActionMask = 2147483647;
			files = (
				F426D72C190FE3FA00963EDE /* XCTest.framework in Frameworks */,
				F426D72E190FE3FA00963EDE /* UIKit.framework in Frameworks */,
				F426D72D190FE3FA00963EDE /* Foundation.framework in Frameworks */,
			);
			runOnlyForDeploymentPostprocessing = 0;
		};
/* End PBXFrameworksBuildPhase section */

/* Begin PBXGroup section */
		F426D700190FE3F900963EDE = {
			isa = PBXGroup;
			children = (
				F426D712190FE3F900963EDE /* ReactiveWikiMonitor */,
				F426D731190FE3FA00963EDE /* ReactiveWikiMonitorTests */,
				F426D70B190FE3F900963EDE /* Frameworks */,
				F426D70A190FE3F900963EDE /* Products */,
				40705057108C4AF1A9D3D8DF /* Pods.xcconfig */,
			);
			indentWidth = 4;
			sourceTree = "<group>";
			tabWidth = 4;
			usesTabs = 0;
		};
		F426D70A190FE3F900963EDE /* Products */ = {
			isa = PBXGroup;
			children = (
				F426D709190FE3F900963EDE /* ReactiveWikiMonitor.app */,
				F426D72A190FE3FA00963EDE /* ReactiveWikiMonitorTests.xctest */,
			);
			name = Products;
			sourceTree = "<group>";
		};
		F426D70B190FE3F900963EDE /* Frameworks */ = {
			isa = PBXGroup;
			children = (
				22285AC2195B6CAC00FD767A /* ShinobiCharts.framework */,
				F4528EF019112DF70063CE8D /* CoreText.framework */,
				F4528EF119112DF70063CE8D /* libc++.dylib */,
				F4528EF219112DF70063CE8D /* OpenGLES.framework */,
				F4528EF319112DF70063CE8D /* QuartzCore.framework */,
				F426D70C190FE3F900963EDE /* Foundation.framework */,
				F426D70E190FE3F900963EDE /* CoreGraphics.framework */,
				F426D710190FE3F900963EDE /* UIKit.framework */,
				F426D72B190FE3FA00963EDE /* XCTest.framework */,
				D50901DE540F4526A9F28EFC /* libPods.a */,
			);
			name = Frameworks;
			sourceTree = "<group>";
		};
		F426D712190FE3F900963EDE /* ReactiveWikiMonitor */ = {
			isa = PBXGroup;
			children = (
				F4528EEC19112A420063CE8D /* Datasource */,
				F4528EE6190FE9510063CE8D /* Connectivity */,
				F426D71B190FE3F900963EDE /* SCAppDelegate.h */,
				F426D71C190FE3F900963EDE /* SCAppDelegate.m */,
				F426D71E190FE3F900963EDE /* Main.storyboard */,
				F426D721190FE3F900963EDE /* SCViewController.h */,
				F426D722190FE3F900963EDE /* SCViewController.m */,
				F426D724190FE3F900963EDE /* Images.xcassets */,
				F426D713190FE3F900963EDE /* Supporting Files */,
			);
			path = ReactiveWikiMonitor;
			sourceTree = "<group>";
		};
		F426D713190FE3F900963EDE /* Supporting Files */ = {
			isa = PBXGroup;
			children = (
				22285AC4195B6D9200FD767A /* ReactiveWikiMonitor-Bridging-Header.h */,
				F426D714190FE3F900963EDE /* ReactiveWikiMonitor-Info.plist */,
				F426D715190FE3F900963EDE /* InfoPlist.strings */,
				F426D718190FE3F900963EDE /* main.m */,
				F426D71A190FE3F900963EDE /* ReactiveWikiMonitor-Prefix.pch */,
			);
			name = "Supporting Files";
			sourceTree = "<group>";
		};
		F426D731190FE3FA00963EDE /* ReactiveWikiMonitorTests */ = {
			isa = PBXGroup;
			children = (
				F426D737190FE3FA00963EDE /* ReactiveWikiMonitorTests.m */,
				F426D732190FE3FA00963EDE /* Supporting Files */,
			);
			path = ReactiveWikiMonitorTests;
			sourceTree = "<group>";
		};
		F426D732190FE3FA00963EDE /* Supporting Files */ = {
			isa = PBXGroup;
			children = (
				F426D733190FE3FA00963EDE /* ReactiveWikiMonitorTests-Info.plist */,
				F426D734190FE3FA00963EDE /* InfoPlist.strings */,
			);
			name = "Supporting Files";
			sourceTree = "<group>";
		};
		F4528EE6190FE9510063CE8D /* Connectivity */ = {
			isa = PBXGroup;
			children = (
				F4528EE7190FE9850063CE8D /* SCWebSocketConnector.h */,
				F4528EE8190FE9850063CE8D /* SCWebSocketConnector.m */,
			);
			name = Connectivity;
			sourceTree = "<group>";
		};
		F4528EEC19112A420063CE8D /* Datasource */ = {
			isa = PBXGroup;
			children = (
				22285AC5195B6D9200FD767A /* LiveDataSource.swift */,
			);
			name = Datasource;
			sourceTree = "<group>";
		};
/* End PBXGroup section */

/* Begin PBXNativeTarget section */
		F426D708190FE3F900963EDE /* ReactiveWikiMonitor */ = {
			isa = PBXNativeTarget;
			buildConfigurationList = F426D73B190FE3FA00963EDE /* Build configuration list for PBXNativeTarget "ReactiveWikiMonitor" */;
			buildPhases = (
				197801AE6772440283CBDA12 /* Check Pods Manifest.lock */,
				F426D705190FE3F900963EDE /* Sources */,
				F426D706190FE3F900963EDE /* Frameworks */,
				F426D707190FE3F900963EDE /* Resources */,
				482FB6371F3D4FFAB9597E68 /* Warn for TODO and FIXME comments */,
				0EA420712A994F8C92C266F0 /* Copy Pods Resources */,
			);
			buildRules = (
			);
			dependencies = (
			);
			name = ReactiveWikiMonitor;
			productName = ReactiveWikiMonitor;
			productReference = F426D709190FE3F900963EDE /* ReactiveWikiMonitor.app */;
			productType = "com.apple.product-type.application";
		};
		F426D729190FE3FA00963EDE /* ReactiveWikiMonitorTests */ = {
			isa = PBXNativeTarget;
			buildConfigurationList = F426D73E190FE3FA00963EDE /* Build configuration list for PBXNativeTarget "ReactiveWikiMonitorTests" */;
			buildPhases = (
				F426D726190FE3FA00963EDE /* Sources */,
				F426D727190FE3FA00963EDE /* Frameworks */,
				F426D728190FE3FA00963EDE /* Resources */,
			);
			buildRules = (
			);
			dependencies = (
				F426D730190FE3FA00963EDE /* PBXTargetDependency */,
			);
			name = ReactiveWikiMonitorTests;
			productName = ReactiveWikiMonitorTests;
			productReference = F426D72A190FE3FA00963EDE /* ReactiveWikiMonitorTests.xctest */;
			productType = "com.apple.product-type.bundle.unit-test";
		};
/* End PBXNativeTarget section */

/* Begin PBXProject section */
		F426D701190FE3F900963EDE /* Project object */ = {
			isa = PBXProject;
			attributes = {
				CLASSPREFIX = SC;
				LastUpgradeCheck = 0510;
				ORGANIZATIONNAME = "Shinobi Controls";
				TargetAttributes = {
					F426D729190FE3FA00963EDE = {
						TestTargetID = F426D708190FE3F900963EDE;
					};
				};
			};
			buildConfigurationList = F426D704190FE3F900963EDE /* Build configuration list for PBXProject "ReactiveWikiMonitor" */;
			compatibilityVersion = "Xcode 3.2";
			developmentRegion = English;
			hasScannedForEncodings = 0;
			knownRegions = (
				en,
				Base,
			);
			mainGroup = F426D700190FE3F900963EDE;
			productRefGroup = F426D70A190FE3F900963EDE /* Products */;
			projectDirPath = "";
			projectRoot = "";
			targets = (
				F426D708190FE3F900963EDE /* ReactiveWikiMonitor */,
				F426D729190FE3FA00963EDE /* ReactiveWikiMonitorTests */,
			);
		};
/* End PBXProject section */

/* Begin PBXResourcesBuildPhase section */
		F426D707190FE3F900963EDE /* Resources */ = {
			isa = PBXResourcesBuildPhase;
			buildActionMask = 2147483647;
			files = (
				F426D725190FE3F900963EDE /* Images.xcassets in Resources */,
				F426D717190FE3F900963EDE /* InfoPlist.strings in Resources */,
				F426D720190FE3F900963EDE /* Main.storyboard in Resources */,
			);
			runOnlyForDeploymentPostprocessing = 0;
		};
		F426D728190FE3FA00963EDE /* Resources */ = {
			isa = PBXResourcesBuildPhase;
			buildActionMask = 2147483647;
			files = (
				F426D736190FE3FA00963EDE /* InfoPlist.strings in Resources */,
			);
			runOnlyForDeploymentPostprocessing = 0;
		};
/* End PBXResourcesBuildPhase section */

/* Begin PBXShellScriptBuildPhase section */
		0EA420712A994F8C92C266F0 /* Copy Pods Resources */ = {
			isa = PBXShellScriptBuildPhase;
			buildActionMask = 2147483647;
			files = (
			);
			inputPaths = (
			);
			name = "Copy Pods Resources";
			outputPaths = (
			);
			runOnlyForDeploymentPostprocessing = 0;
			shellPath = /bin/sh;
			shellScript = "\"${SRCROOT}/Pods/Pods-resources.sh\"\n";
			showEnvVarsInLog = 0;
		};
		197801AE6772440283CBDA12 /* Check Pods Manifest.lock */ = {
			isa = PBXShellScriptBuildPhase;
			buildActionMask = 2147483647;
			files = (
			);
			inputPaths = (
			);
			name = "Check Pods Manifest.lock";
			outputPaths = (
			);
			runOnlyForDeploymentPostprocessing = 0;
			shellPath = /bin/sh;
			shellScript = "diff \"${PODS_ROOT}/../Podfile.lock\" \"${PODS_ROOT}/Manifest.lock\" > /dev/null\nif [[ $? != 0 ]] ; then\n    cat << EOM\nerror: The sandbox is not in sync with the Podfile.lock. Run 'pod install' or update your CocoaPods installation.\nEOM\n    exit 1\nfi\n";
			showEnvVarsInLog = 0;
		};
		482FB6371F3D4FFAB9597E68 /* Warn for TODO and FIXME comments */ = {
			isa = PBXShellScriptBuildPhase;
			buildActionMask = 2147483647;
			files = (
			);
			inputPaths = (
			);
			name = "Warn for TODO and FIXME comments";
			outputPaths = (
			);
			runOnlyForDeploymentPostprocessing = 0;
			shellPath = /bin/sh;
			shellScript = "KEYWORDS=\"TODO:|FIXME:|\\?\\?\\?:|\\!\\!\\!:\"\nFILE_EXTENSIONS=\"h|m|mm|c|cpp\"\nfind -E \"${SRCROOT}\" -ipath \"${SRCROOT}/pods\" -prune -o \\( -regex \".*\\.($FILE_EXTENSIONS)$\" \\) -print0 | xargs -0 egrep --with-filename --line-number --only-matching \"($KEYWORDS).*\\$\" | perl -p -e \"s/($KEYWORDS)/ warning: \\$1/\"\n";
		};
/* End PBXShellScriptBuildPhase section */

/* Begin PBXSourcesBuildPhase section */
		F426D705190FE3F900963EDE /* Sources */ = {
			isa = PBXSourcesBuildPhase;
			buildActionMask = 2147483647;
			files = (
				F426D71D190FE3F900963EDE /* SCAppDelegate.m in Sources */,
				F4528EE9190FE9850063CE8D /* SCWebSocketConnector.m in Sources */,
				F426D723190FE3F900963EDE /* SCViewController.m in Sources */,
				22285AC6195B6D9200FD767A /* LiveDataSource.swift in Sources */,
				F426D719190FE3F900963EDE /* main.m in Sources */,
			);
			runOnlyForDeploymentPostprocessing = 0;
		};
		F426D726190FE3FA00963EDE /* Sources */ = {
			isa = PBXSourcesBuildPhase;
			buildActionMask = 2147483647;
			files = (
				F426D738190FE3FA00963EDE /* ReactiveWikiMonitorTests.m in Sources */,
			);
			runOnlyForDeploymentPostprocessing = 0;
		};
/* End PBXSourcesBuildPhase section */

/* Begin PBXTargetDependency section */
		F426D730190FE3FA00963EDE /* PBXTargetDependency */ = {
			isa = PBXTargetDependency;
			target = F426D708190FE3F900963EDE /* ReactiveWikiMonitor */;
			targetProxy = F426D72F190FE3FA00963EDE /* PBXContainerItemProxy */;
		};
/* End PBXTargetDependency section */

/* Begin PBXVariantGroup section */
		F426D715190FE3F900963EDE /* InfoPlist.strings */ = {
			isa = PBXVariantGroup;
			children = (
				F426D716190FE3F900963EDE /* en */,
			);
			name = InfoPlist.strings;
			sourceTree = "<group>";
		};
		F426D71E190FE3F900963EDE /* Main.storyboard */ = {
			isa = PBXVariantGroup;
			children = (
				F426D71F190FE3F900963EDE /* Base */,
			);
			name = Main.storyboard;
			sourceTree = "<group>";
		};
		F426D734190FE3FA00963EDE /* InfoPlist.strings */ = {
			isa = PBXVariantGroup;
			children = (
				F426D735190FE3FA00963EDE /* en */,
			);
			name = InfoPlist.strings;
			sourceTree = "<group>";
		};
/* End PBXVariantGroup section */

/* Begin XCBuildConfiguration section */
		F426D739190FE3FA00963EDE /* Debug */ = {
			isa = XCBuildConfiguration;
			buildSettings = {
				ALWAYS_SEARCH_USER_PATHS = NO;
				CLANG_CXX_LANGUAGE_STANDARD = "gnu++0x";
				CLANG_CXX_LIBRARY = "libc++";
				CLANG_ENABLE_MODULES = YES;
				CLANG_ENABLE_OBJC_ARC = YES;
				CLANG_WARN_BOOL_CONVERSION = YES;
				CLANG_WARN_CONSTANT_CONVERSION = YES;
				CLANG_WARN_DEPRECATED_OBJC_IMPLEMENTATIONS = YES;
				CLANG_WARN_DIRECT_OBJC_ISA_USAGE = YES_ERROR;
				CLANG_WARN_EMPTY_BODY = YES;
				CLANG_WARN_ENUM_CONVERSION = YES;
				CLANG_WARN_INT_CONVERSION = YES;
				CLANG_WARN_OBJC_IMPLICIT_RETAIN_SELF = YES;
				CLANG_WARN_OBJC_ROOT_CLASS = YES_ERROR;
				CLANG_WARN__DUPLICATE_METHOD_MATCH = YES;
				"CODE_SIGN_IDENTITY[sdk=iphoneos*]" = "iPhone Developer";
				COPY_PHASE_STRIP = NO;
				GCC_C_LANGUAGE_STANDARD = gnu99;
				GCC_DYNAMIC_NO_PIC = NO;
				GCC_OPTIMIZATION_LEVEL = 0;
				GCC_PREPROCESSOR_DEFINITIONS = (
					"DEBUG=1",
					"$(inherited)",
				);
				GCC_SYMBOLS_PRIVATE_EXTERN = NO;
				GCC_WARN_64_TO_32_BIT_CONVERSION = YES;
				GCC_WARN_ABOUT_MISSING_FIELD_INITIALIZERS = YES;
				GCC_WARN_ABOUT_MISSING_NEWLINE = YES;
				GCC_WARN_ABOUT_RETURN_TYPE = YES;
				GCC_WARN_CHECK_SWITCH_STATEMENTS = YES;
				GCC_WARN_INITIALIZER_NOT_FULLY_BRACKETED = YES;
				GCC_WARN_MISSING_PARENTHESES = YES;
				GCC_WARN_SHADOW = YES;
				GCC_WARN_SIGN_COMPARE = YES;
				GCC_WARN_TYPECHECK_CALLS_TO_PRINTF = YES;
				GCC_WARN_UNDECLARED_SELECTOR = YES;
				GCC_WARN_UNINITIALIZED_AUTOS = YES_AGGRESSIVE;
				GCC_WARN_UNUSED_FUNCTION = YES;
				GCC_WARN_UNUSED_LABEL = YES;
				GCC_WARN_UNUSED_VALUE = YES;
				GCC_WARN_UNUSED_VARIABLE = YES;
				IPHONEOS_DEPLOYMENT_TARGET = 7.1;
				ONLY_ACTIVE_ARCH = YES;
				RUN_CLANG_STATIC_ANALYZER = YES;
				SDKROOT = iphoneos;
			};
			name = Debug;
		};
		F426D73A190FE3FA00963EDE /* Release */ = {
			isa = XCBuildConfiguration;
			buildSettings = {
				ALWAYS_SEARCH_USER_PATHS = NO;
				CLANG_CXX_LANGUAGE_STANDARD = "gnu++0x";
				CLANG_CXX_LIBRARY = "libc++";
				CLANG_ENABLE_MODULES = YES;
				CLANG_ENABLE_OBJC_ARC = YES;
				CLANG_WARN_BOOL_CONVERSION = YES;
				CLANG_WARN_CONSTANT_CONVERSION = YES;
				CLANG_WARN_DEPRECATED_OBJC_IMPLEMENTATIONS = YES;
				CLANG_WARN_DIRECT_OBJC_ISA_USAGE = YES_ERROR;
				CLANG_WARN_EMPTY_BODY = YES;
				CLANG_WARN_ENUM_CONVERSION = YES;
				CLANG_WARN_INT_CONVERSION = YES;
				CLANG_WARN_OBJC_IMPLICIT_RETAIN_SELF = YES;
				CLANG_WARN_OBJC_ROOT_CLASS = YES_ERROR;
				CLANG_WARN__DUPLICATE_METHOD_MATCH = YES;
				"CODE_SIGN_IDENTITY[sdk=iphoneos*]" = "iPhone Developer";
				COPY_PHASE_STRIP = YES;
				ENABLE_NS_ASSERTIONS = NO;
				GCC_C_LANGUAGE_STANDARD = gnu99;
				GCC_WARN_64_TO_32_BIT_CONVERSION = YES;
				GCC_WARN_ABOUT_MISSING_FIELD_INITIALIZERS = YES;
				GCC_WARN_ABOUT_MISSING_NEWLINE = YES;
				GCC_WARN_ABOUT_RETURN_TYPE = YES;
				GCC_WARN_CHECK_SWITCH_STATEMENTS = YES;
				GCC_WARN_INITIALIZER_NOT_FULLY_BRACKETED = YES;
				GCC_WARN_MISSING_PARENTHESES = YES;
				GCC_WARN_SHADOW = YES;
				GCC_WARN_SIGN_COMPARE = YES;
				GCC_WARN_TYPECHECK_CALLS_TO_PRINTF = YES;
				GCC_WARN_UNDECLARED_SELECTOR = YES;
				GCC_WARN_UNINITIALIZED_AUTOS = YES_AGGRESSIVE;
				GCC_WARN_UNUSED_FUNCTION = YES;
				GCC_WARN_UNUSED_LABEL = YES;
				GCC_WARN_UNUSED_VALUE = YES;
				GCC_WARN_UNUSED_VARIABLE = YES;
				IPHONEOS_DEPLOYMENT_TARGET = 7.1;
				RUN_CLANG_STATIC_ANALYZER = YES;
				SDKROOT = iphoneos;
				VALIDATE_PRODUCT = YES;
			};
			name = Release;
		};
		F426D73C190FE3FA00963EDE /* Debug */ = {
			isa = XCBuildConfiguration;
			baseConfigurationReference = 40705057108C4AF1A9D3D8DF /* Pods.xcconfig */;
			buildSettings = {
				ASSETCATALOG_COMPILER_APPICON_NAME = AppIcon;
				ASSETCATALOG_COMPILER_LAUNCHIMAGE_NAME = LaunchImage;
				CLANG_ENABLE_MODULES = YES;
				FRAMEWORK_SEARCH_PATHS = (
					"$(inherited)",
					"$(DEVELOPER_FRAMEWORKS_DIR)",
					"$(PROJECT_DIR)",
				);
				GCC_PRECOMPILE_PREFIX_HEADER = YES;
				GCC_PREFIX_HEADER = "ReactiveWikiMonitor/ReactiveWikiMonitor-Prefix.pch";
				INFOPLIST_FILE = "ReactiveWikiMonitor/ReactiveWikiMonitor-Info.plist";
				LD_RUNPATH_SEARCH_PATHS = "$(inherited) @executable_path/Frameworks";
				PRODUCT_NAME = "$(TARGET_NAME)";
				SWIFT_OBJC_BRIDGING_HEADER = "ReactiveWikiMonitor/ReactiveWikiMonitor-Bridging-Header.h";
				SWIFT_OPTIMIZATION_LEVEL = "-Onone";
				WRAPPER_EXTENSION = app;
			};
			name = Debug;
		};
		F426D73D190FE3FA00963EDE /* Release */ = {
			isa = XCBuildConfiguration;
			baseConfigurationReference = 40705057108C4AF1A9D3D8DF /* Pods.xcconfig */;
			buildSettings = {
				ASSETCATALOG_COMPILER_APPICON_NAME = AppIcon;
				ASSETCATALOG_COMPILER_LAUNCHIMAGE_NAME = LaunchImage;
				CLANG_ENABLE_MODULES = YES;
				FRAMEWORK_SEARCH_PATHS = (
					"$(inherited)",
					"$(DEVELOPER_FRAMEWORKS_DIR)",
					"$(PROJECT_DIR)",
				);
				GCC_PRECOMPILE_PREFIX_HEADER = YES;
				GCC_PREFIX_HEADER = "ReactiveWikiMonitor/ReactiveWikiMonitor-Prefix.pch";
				INFOPLIST_FILE = "ReactiveWikiMonitor/ReactiveWikiMonitor-Info.plist";
				LD_RUNPATH_SEARCH_PATHS = "$(inherited) @executable_path/Frameworks";
				PRODUCT_NAME = "$(TARGET_NAME)";
				SWIFT_OBJC_BRIDGING_HEADER = "ReactiveWikiMonitor/ReactiveWikiMonitor-Bridging-Header.h";
				WRAPPER_EXTENSION = app;
			};
			name = Release;
		};
		F426D73F190FE3FA00963EDE /* Debug */ = {
			isa = XCBuildConfiguration;
			buildSettings = {
				BUNDLE_LOADER = "$(BUILT_PRODUCTS_DIR)/ReactiveWikiMonitor.app/ReactiveWikiMonitor";
				FRAMEWORK_SEARCH_PATHS = (
					"$(SDKROOT)/Developer/Library/Frameworks",
					"$(inherited)",
					"$(DEVELOPER_FRAMEWORKS_DIR)",
				);
				GCC_PRECOMPILE_PREFIX_HEADER = YES;
				GCC_PREFIX_HEADER = "ReactiveWikiMonitor/ReactiveWikiMonitor-Prefix.pch";
				GCC_PREPROCESSOR_DEFINITIONS = (
					"DEBUG=1",
					"$(inherited)",
				);
				INFOPLIST_FILE = "ReactiveWikiMonitorTests/ReactiveWikiMonitorTests-Info.plist";
				PRODUCT_NAME = "$(TARGET_NAME)";
				TEST_HOST = "$(BUNDLE_LOADER)";
				WRAPPER_EXTENSION = xctest;
			};
			name = Debug;
		};
		F426D740190FE3FA00963EDE /* Release */ = {
			isa = XCBuildConfiguration;
			buildSettings = {
				BUNDLE_LOADER = "$(BUILT_PRODUCTS_DIR)/ReactiveWikiMonitor.app/ReactiveWikiMonitor";
				FRAMEWORK_SEARCH_PATHS = (
					"$(SDKROOT)/Developer/Library/Frameworks",
					"$(inherited)",
					"$(DEVELOPER_FRAMEWORKS_DIR)",
				);
				GCC_PRECOMPILE_PREFIX_HEADER = YES;
				GCC_PREFIX_HEADER = "ReactiveWikiMonitor/ReactiveWikiMonitor-Prefix.pch";
				INFOPLIST_FILE = "ReactiveWikiMonitorTests/ReactiveWikiMonitorTests-Info.plist";
				PRODUCT_NAME = "$(TARGET_NAME)";
				TEST_HOST = "$(BUNDLE_LOADER)";
				WRAPPER_EXTENSION = xctest;
			};
			name = Release;
		};
/* End XCBuildConfiguration section */

/* Begin XCConfigurationList section */
		F426D704190FE3F900963EDE /* Build configuration list for PBXProject "ReactiveWikiMonitor" */ = {
			isa = XCConfigurationList;
			buildConfigurations = (
				F426D739190FE3FA00963EDE /* Debug */,
				F426D73A190FE3FA00963EDE /* Release */,
			);
			defaultConfigurationIsVisible = 0;
			defaultConfigurationName = Release;
		};
		F426D73B190FE3FA00963EDE /* Build configuration list for PBXNativeTarget "ReactiveWikiMonitor" */ = {
			isa = XCConfigurationList;
			buildConfigurations = (
				F426D73C190FE3FA00963EDE /* Debug */,
				F426D73D190FE3FA00963EDE /* Release */,
			);
			defaultConfigurationIsVisible = 0;
			defaultConfigurationName = Release;
		};
		F426D73E190FE3FA00963EDE /* Build configuration list for PBXNativeTarget "ReactiveWikiMonitorTests" */ = {
			isa = XCConfigurationList;
			buildConfigurations = (
				F426D73F190FE3FA00963EDE /* Debug */,
				F426D740190FE3FA00963EDE /* Release */,
			);
			defaultConfigurationIsVisible = 0;
			defaultConfigurationName = Release;
		};
/* End XCConfigurationList section */
	};
	rootObject = F426D701190FE3F900963EDE /* Project object */;
}
